// !$*UTF8*$!
{
	archiveVersion = 1;
	classes = {
	};
	objectVersion = 50;
	objects = {

/* Begin PBXBuildFile section */
		3C3FEE3A255A715500ED4B85 /* AppDelegate.m in Sources */ = {isa = PBXBuildFile; fileRef = 3C3FEE39255A715500ED4B85 /* AppDelegate.m */; };
		3C3FEE40255A715500ED4B85 /* ViewController.m in Sources */ = {isa = PBXBuildFile; fileRef = 3C3FEE3F255A715500ED4B85 /* ViewController.m */; };
		3C3FEE43255A715500ED4B85 /* Main.storyboard in Resources */ = {isa = PBXBuildFile; fileRef = 3C3FEE41255A715500ED4B85 /* Main.storyboard */; };
		3C3FEE45255A715700ED4B85 /* Assets.xcassets in Resources */ = {isa = PBXBuildFile; fileRef = 3C3FEE44255A715700ED4B85 /* Assets.xcassets */; };
		3C3FEE48255A715700ED4B85 /* LaunchScreen.storyboard in Resources */ = {isa = PBXBuildFile; fileRef = 3C3FEE46255A715700ED4B85 /* LaunchScreen.storyboard */; };
		3C3FEE4B255A715700ED4B85 /* main.m in Sources */ = {isa = PBXBuildFile; fileRef = 3C3FEE4A255A715700ED4B85 /* main.m */; };
		3C3FEE55255A715800ED4B85 /* MChatCardEncTests.m in Sources */ = {isa = PBXBuildFile; fileRef = 3C3FEE54255A715800ED4B85 /* MChatCardEncTests.m */; };
		3C3FEE60255A715800ED4B85 /* MChatCardEncUITests.m in Sources */ = {isa = PBXBuildFile; fileRef = 3C3FEE5F255A715800ED4B85 /* MChatCardEncUITests.m */; };
		3CD47DEC2566149A00CFE9C6 /* NSData+Encryption.m in Sources */ = {isa = PBXBuildFile; fileRef = 3CD47DE92566149A00CFE9C6 /* NSData+Encryption.m */; };
		3CD47DED2566149A00CFE9C6 /* RSAEncryption.m in Sources */ = {isa = PBXBuildFile; fileRef = 3CD47DEA2566149A00CFE9C6 /* RSAEncryption.m */; };
/* End PBXBuildFile section */

/* Begin PBXContainerItemProxy section */
		3C3FEE51255A715800ED4B85 /* PBXContainerItemProxy */ = {
			isa = PBXContainerItemProxy;
			containerPortal = 3C3FEE2D255A715500ED4B85 /* Project object */;
			proxyType = 1;
			remoteGlobalIDString = 3C3FEE34255A715500ED4B85;
			remoteInfo = MChatCardEnc;
		};
		3C3FEE5C255A715800ED4B85 /* PBXContainerItemProxy */ = {
			isa = PBXContainerItemProxy;
			containerPortal = 3C3FEE2D255A715500ED4B85 /* Project object */;
			proxyType = 1;
			remoteGlobalIDString = 3C3FEE34255A715500ED4B85;
			remoteInfo = MChatCardEnc;
		};
/* End PBXContainerItemProxy section */

/* Begin PBXFileReference section */
		3C3FEE35255A715500ED4B85 /* MChatCardEnc.app */ = {isa = PBXFileReference; explicitFileType = wrapper.application; includeInIndex = 0; path = MChatCardEnc.app; sourceTree = BUILT_PRODUCTS_DIR; };
		3C3FEE38255A715500ED4B85 /* AppDelegate.h */ = {isa = PBXFileReference; lastKnownFileType = sourcecode.c.h; path = AppDelegate.h; sourceTree = "<group>"; };
		3C3FEE39255A715500ED4B85 /* AppDelegate.m */ = {isa = PBXFileReference; lastKnownFileType = sourcecode.c.objc; path = AppDelegate.m; sourceTree = "<group>"; };
		3C3FEE3E255A715500ED4B85 /* ViewController.h */ = {isa = PBXFileReference; lastKnownFileType = sourcecode.c.h; path = ViewController.h; sourceTree = "<group>"; };
		3C3FEE3F255A715500ED4B85 /* ViewController.m */ = {isa = PBXFileReference; lastKnownFileType = sourcecode.c.objc; path = ViewController.m; sourceTree = "<group>"; };
		3C3FEE42255A715500ED4B85 /* Base */ = {isa = PBXFileReference; lastKnownFileType = file.storyboard; name = Base; path = Base.lproj/Main.storyboard; sourceTree = "<group>"; };
		3C3FEE44255A715700ED4B85 /* Assets.xcassets */ = {isa = PBXFileReference; lastKnownFileType = folder.assetcatalog; path = Assets.xcassets; sourceTree = "<group>"; };
		3C3FEE47255A715700ED4B85 /* Base */ = {isa = PBXFileReference; lastKnownFileType = file.storyboard; name = Base; path = Base.lproj/LaunchScreen.storyboard; sourceTree = "<group>"; };
		3C3FEE49255A715700ED4B85 /* Info.plist */ = {isa = PBXFileReference; lastKnownFileType = text.plist.xml; path = Info.plist; sourceTree = "<group>"; };
		3C3FEE4A255A715700ED4B85 /* main.m */ = {isa = PBXFileReference; lastKnownFileType = sourcecode.c.objc; path = main.m; sourceTree = "<group>"; };
		3C3FEE50255A715800ED4B85 /* MChatCardEncTests.xctest */ = {isa = PBXFileReference; explicitFileType = wrapper.cfbundle; includeInIndex = 0; path = MChatCardEncTests.xctest; sourceTree = BUILT_PRODUCTS_DIR; };
		3C3FEE54255A715800ED4B85 /* MChatCardEncTests.m */ = {isa = PBXFileReference; lastKnownFileType = sourcecode.c.objc; path = MChatCardEncTests.m; sourceTree = "<group>"; };
		3C3FEE56255A715800ED4B85 /* Info.plist */ = {isa = PBXFileReference; lastKnownFileType = text.plist.xml; path = Info.plist; sourceTree = "<group>"; };
		3C3FEE5B255A715800ED4B85 /* MChatCardEncUITests.xctest */ = {isa = PBXFileReference; explicitFileType = wrapper.cfbundle; includeInIndex = 0; path = MChatCardEncUITests.xctest; sourceTree = BUILT_PRODUCTS_DIR; };
		3C3FEE5F255A715800ED4B85 /* MChatCardEncUITests.m */ = {isa = PBXFileReference; lastKnownFileType = sourcecode.c.objc; path = MChatCardEncUITests.m; sourceTree = "<group>"; };
		3C3FEE61255A715800ED4B85 /* Info.plist */ = {isa = PBXFileReference; lastKnownFileType = text.plist.xml; path = Info.plist; sourceTree = "<group>"; };
		3CD47DE82566149A00CFE9C6 /* RSAEncryption.h */ = {isa = PBXFileReference; fileEncoding = 4; lastKnownFileType = sourcecode.c.h; path = RSAEncryption.h; sourceTree = "<group>"; };
		3CD47DE92566149A00CFE9C6 /* NSData+Encryption.m */ = {isa = PBXFileReference; fileEncoding = 4; lastKnownFileType = sourcecode.c.objc; path = "NSData+Encryption.m"; sourceTree = "<group>"; };
		3CD47DEA2566149A00CFE9C6 /* RSAEncryption.m */ = {isa = PBXFileReference; fileEncoding = 4; lastKnownFileType = sourcecode.c.objc; path = RSAEncryption.m; sourceTree = "<group>"; };
		3CD47DEB2566149A00CFE9C6 /* NSData+Encryption.h */ = {isa = PBXFileReference; fileEncoding = 4; lastKnownFileType = sourcecode.c.h; path = "NSData+Encryption.h"; sourceTree = "<group>"; };
/* End PBXFileReference section */

/* Begin PBXFrameworksBuildPhase section */
		3C3FEE32255A715500ED4B85 /* Frameworks */ = {
			isa = PBXFrameworksBuildPhase;
			buildActionMask = 2147483647;
			files = (
			);
			runOnlyForDeploymentPostprocessing = 0;
		};
		3C3FEE4D255A715800ED4B85 /* Frameworks */ = {
			isa = PBXFrameworksBuildPhase;
			buildActionMask = 2147483647;
			files = (
			);
			runOnlyForDeploymentPostprocessing = 0;
		};
		3C3FEE58255A715800ED4B85 /* Frameworks */ = {
			isa = PBXFrameworksBuildPhase;
			buildActionMask = 2147483647;
			files = (
			);
			runOnlyForDeploymentPostprocessing = 0;
		};
/* End PBXFrameworksBuildPhase section */

/* Begin PBXGroup section */
		3C3FEE2C255A715500ED4B85 = {
			isa = PBXGroup;
			children = (
				3C3FEE37255A715500ED4B85 /* MChatCardEnc */,
				3C3FEE53255A715800ED4B85 /* MChatCardEncTests */,
				3C3FEE5E255A715800ED4B85 /* MChatCardEncUITests */,
				3C3FEE36255A715500ED4B85 /* Products */,
			);
			sourceTree = "<group>";
		};
		3C3FEE36255A715500ED4B85 /* Products */ = {
			isa = PBXGroup;
			children = (
				3C3FEE35255A715500ED4B85 /* MChatCardEnc.app */,
				3C3FEE50255A715800ED4B85 /* MChatCardEncTests.xctest */,
				3C3FEE5B255A715800ED4B85 /* MChatCardEncUITests.xctest */,
			);
			name = Products;
			sourceTree = "<group>";
		};
		3C3FEE37255A715500ED4B85 /* MChatCardEnc */ = {
			isa = PBXGroup;
			children = (
				3CD47DE72566149A00CFE9C6 /* Source */,
				3C3FEE38255A715500ED4B85 /* AppDelegate.h */,
				3C3FEE39255A715500ED4B85 /* AppDelegate.m */,
				3C3FEE3E255A715500ED4B85 /* ViewController.h */,
				3C3FEE3F255A715500ED4B85 /* ViewController.m */,
				3C3FEE41255A715500ED4B85 /* Main.storyboard */,
				3C3FEE44255A715700ED4B85 /* Assets.xcassets */,
				3C3FEE46255A715700ED4B85 /* LaunchScreen.storyboard */,
				3C3FEE49255A715700ED4B85 /* Info.plist */,
				3C3FEE4A255A715700ED4B85 /* main.m */,
			);
			path = MChatCardEnc;
			sourceTree = "<group>";
		};
		3C3FEE53255A715800ED4B85 /* MChatCardEncTests */ = {
			isa = PBXGroup;
			children = (
				3C3FEE54255A715800ED4B85 /* MChatCardEncTests.m */,
				3C3FEE56255A715800ED4B85 /* Info.plist */,
			);
			path = MChatCardEncTests;
			sourceTree = "<group>";
		};
		3C3FEE5E255A715800ED4B85 /* MChatCardEncUITests */ = {
			isa = PBXGroup;
			children = (
				3C3FEE5F255A715800ED4B85 /* MChatCardEncUITests.m */,
				3C3FEE61255A715800ED4B85 /* Info.plist */,
			);
			path = MChatCardEncUITests;
			sourceTree = "<group>";
		};
		3CD47DE72566149A00CFE9C6 /* Source */ = {
			isa = PBXGroup;
			children = (
				3CD47DE82566149A00CFE9C6 /* RSAEncryption.h */,
				3CD47DEA2566149A00CFE9C6 /* RSAEncryption.m */,
				3CD47DEB2566149A00CFE9C6 /* NSData+Encryption.h */,
				3CD47DE92566149A00CFE9C6 /* NSData+Encryption.m */,
			);
			path = Source;
			sourceTree = SOURCE_ROOT;
		};
/* End PBXGroup section */

/* Begin PBXNativeTarget section */
		3C3FEE34255A715500ED4B85 /* MChatCardEnc */ = {
			isa = PBXNativeTarget;
			buildConfigurationList = 3C3FEE64255A715800ED4B85 /* Build configuration list for PBXNativeTarget "MChatCardEnc" */;
			buildPhases = (
				3C3FEE31255A715500ED4B85 /* Sources */,
				3C3FEE32255A715500ED4B85 /* Frameworks */,
				3C3FEE33255A715500ED4B85 /* Resources */,
			);
			buildRules = (
			);
			dependencies = (
			);
			name = MChatCardEnc;
			productName = MChatCardEnc;
			productReference = 3C3FEE35255A715500ED4B85 /* MChatCardEnc.app */;
			productType = "com.apple.product-type.application";
		};
		3C3FEE4F255A715800ED4B85 /* MChatCardEncTests */ = {
			isa = PBXNativeTarget;
			buildConfigurationList = 3C3FEE67255A715800ED4B85 /* Build configuration list for PBXNativeTarget "MChatCardEncTests" */;
			buildPhases = (
				3C3FEE4C255A715800ED4B85 /* Sources */,
				3C3FEE4D255A715800ED4B85 /* Frameworks */,
				3C3FEE4E255A715800ED4B85 /* Resources */,
			);
			buildRules = (
			);
			dependencies = (
				3C3FEE52255A715800ED4B85 /* PBXTargetDependency */,
			);
			name = MChatCardEncTests;
			productName = MChatCardEncTests;
			productReference = 3C3FEE50255A715800ED4B85 /* MChatCardEncTests.xctest */;
			productType = "com.apple.product-type.bundle.unit-test";
		};
		3C3FEE5A255A715800ED4B85 /* MChatCardEncUITests */ = {
			isa = PBXNativeTarget;
			buildConfigurationList = 3C3FEE6A255A715800ED4B85 /* Build configuration list for PBXNativeTarget "MChatCardEncUITests" */;
			buildPhases = (
				3C3FEE57255A715800ED4B85 /* Sources */,
				3C3FEE58255A715800ED4B85 /* Frameworks */,
				3C3FEE59255A715800ED4B85 /* Resources */,
			);
			buildRules = (
			);
			dependencies = (
				3C3FEE5D255A715800ED4B85 /* PBXTargetDependency */,
			);
			name = MChatCardEncUITests;
			productName = MChatCardEncUITests;
			productReference = 3C3FEE5B255A715800ED4B85 /* MChatCardEncUITests.xctest */;
			productType = "com.apple.product-type.bundle.ui-testing";
		};
/* End PBXNativeTarget section */

/* Begin PBXProject section */
		3C3FEE2D255A715500ED4B85 /* Project object */ = {
			isa = PBXProject;
			attributes = {
				LastUpgradeCheck = 1210;
				TargetAttributes = {
					3C3FEE34255A715500ED4B85 = {
						CreatedOnToolsVersion = 12.1;
					};
					3C3FEE4F255A715800ED4B85 = {
						CreatedOnToolsVersion = 12.1;
						TestTargetID = 3C3FEE34255A715500ED4B85;
					};
					3C3FEE5A255A715800ED4B85 = {
						CreatedOnToolsVersion = 12.1;
						TestTargetID = 3C3FEE34255A715500ED4B85;
					};
				};
			};
			buildConfigurationList = 3C3FEE30255A715500ED4B85 /* Build configuration list for PBXProject "MChatCardEnc" */;
			compatibilityVersion = "Xcode 9.3";
			developmentRegion = en;
			hasScannedForEncodings = 0;
			knownRegions = (
				en,
				Base,
			);
			mainGroup = 3C3FEE2C255A715500ED4B85;
			productRefGroup = 3C3FEE36255A715500ED4B85 /* Products */;
			projectDirPath = "";
			projectRoot = "";
			targets = (
				3C3FEE34255A715500ED4B85 /* MChatCardEnc */,
				3C3FEE4F255A715800ED4B85 /* MChatCardEncTests */,
				3C3FEE5A255A715800ED4B85 /* MChatCardEncUITests */,
			);
		};
/* End PBXProject section */

/* Begin PBXResourcesBuildPhase section */
		3C3FEE33255A715500ED4B85 /* Resources */ = {
			isa = PBXResourcesBuildPhase;
			buildActionMask = 2147483647;
			files = (
				3C3FEE48255A715700ED4B85 /* LaunchScreen.storyboard in Resources */,
				3C3FEE45255A715700ED4B85 /* Assets.xcassets in Resources */,
				3C3FEE43255A715500ED4B85 /* Main.storyboard in Resources */,
			);
			runOnlyForDeploymentPostprocessing = 0;
		};
		3C3FEE4E255A715800ED4B85 /* Resources */ = {
			isa = PBXResourcesBuildPhase;
			buildActionMask = 2147483647;
			files = (
			);
			runOnlyForDeploymentPostprocessing = 0;
		};
		3C3FEE59255A715800ED4B85 /* Resources */ = {
			isa = PBXResourcesBuildPhase;
			buildActionMask = 2147483647;
			files = (
			);
			runOnlyForDeploymentPostprocessing = 0;
		};
/* End PBXResourcesBuildPhase section */

/* Begin PBXSourcesBuildPhase section */
		3C3FEE31255A715500ED4B85 /* Sources */ = {
			isa = PBXSourcesBuildPhase;
			buildActionMask = 2147483647;
			files = (
				3C3FEE40255A715500ED4B85 /* ViewController.m in Sources */,
				3CD47DED2566149A00CFE9C6 /* RSAEncryption.m in Sources */,
				3C3FEE3A255A715500ED4B85 /* AppDelegate.m in Sources */,
				3C3FEE4B255A715700ED4B85 /* main.m in Sources */,
				3CD47DEC2566149A00CFE9C6 /* NSData+Encryption.m in Sources */,
			);
			runOnlyForDeploymentPostprocessing = 0;
		};
		3C3FEE4C255A715800ED4B85 /* Sources */ = {
			isa = PBXSourcesBuildPhase;
			buildActionMask = 2147483647;
			files = (
				3C3FEE55255A715800ED4B85 /* MChatCardEncTests.m in Sources */,
			);
			runOnlyForDeploymentPostprocessing = 0;
		};
		3C3FEE57255A715800ED4B85 /* Sources */ = {
			isa = PBXSourcesBuildPhase;
			buildActionMask = 2147483647;
			files = (
				3C3FEE60255A715800ED4B85 /* MChatCardEncUITests.m in Sources */,
			);
			runOnlyForDeploymentPostprocessing = 0;
		};
/* End PBXSourcesBuildPhase section */

/* Begin PBXTargetDependency section */
		3C3FEE52255A715800ED4B85 /* PBXTargetDependency */ = {
			isa = PBXTargetDependency;
			target = 3C3FEE34255A715500ED4B85 /* MChatCardEnc */;
			targetProxy = 3C3FEE51255A715800ED4B85 /* PBXContainerItemProxy */;
		};
		3C3FEE5D255A715800ED4B85 /* PBXTargetDependency */ = {
			isa = PBXTargetDependency;
			target = 3C3FEE34255A715500ED4B85 /* MChatCardEnc */;
			targetProxy = 3C3FEE5C255A715800ED4B85 /* PBXContainerItemProxy */;
		};
/* End PBXTargetDependency section */

/* Begin PBXVariantGroup section */
		3C3FEE41255A715500ED4B85 /* Main.storyboard */ = {
			isa = PBXVariantGroup;
			children = (
				3C3FEE42255A715500ED4B85 /* Base */,
			);
			name = Main.storyboard;
			sourceTree = "<group>";
		};
		3C3FEE46255A715700ED4B85 /* LaunchScreen.storyboard */ = {
			isa = PBXVariantGroup;
			children = (
				3C3FEE47255A715700ED4B85 /* Base */,
			);
			name = LaunchScreen.storyboard;
			sourceTree = "<group>";
		};
/* End PBXVariantGroup section */

/* Begin XCBuildConfiguration section */
		3C3FEE62255A715800ED4B85 /* Debug */ = {
			isa = XCBuildConfiguration;
			buildSettings = {
				ALWAYS_SEARCH_USER_PATHS = NO;
				CLANG_ANALYZER_NONNULL = YES;
				CLANG_ANALYZER_NUMBER_OBJECT_CONVERSION = YES_AGGRESSIVE;
				CLANG_CXX_LANGUAGE_STANDARD = "gnu++14";
				CLANG_CXX_LIBRARY = "libc++";
				CLANG_ENABLE_MODULES = YES;
				CLANG_ENABLE_OBJC_ARC = YES;
				CLANG_ENABLE_OBJC_WEAK = YES;
				CLANG_WARN_BLOCK_CAPTURE_AUTORELEASING = YES;
				CLANG_WARN_BOOL_CONVERSION = YES;
				CLANG_WARN_COMMA = YES;
				CLANG_WARN_CONSTANT_CONVERSION = YES;
				CLANG_WARN_DEPRECATED_OBJC_IMPLEMENTATIONS = YES;
				CLANG_WARN_DIRECT_OBJC_ISA_USAGE = YES_ERROR;
				CLANG_WARN_DOCUMENTATION_COMMENTS = YES;
				CLANG_WARN_EMPTY_BODY = YES;
				CLANG_WARN_ENUM_CONVERSION = YES;
				CLANG_WARN_INFINITE_RECURSION = YES;
				CLANG_WARN_INT_CONVERSION = YES;
				CLANG_WARN_NON_LITERAL_NULL_CONVERSION = YES;
				CLANG_WARN_OBJC_IMPLICIT_RETAIN_SELF = YES;
				CLANG_WARN_OBJC_LITERAL_CONVERSION = YES;
				CLANG_WARN_OBJC_ROOT_CLASS = YES_ERROR;
				CLANG_WARN_QUOTED_INCLUDE_IN_FRAMEWORK_HEADER = YES;
				CLANG_WARN_RANGE_LOOP_ANALYSIS = YES;
				CLANG_WARN_STRICT_PROTOTYPES = YES;
				CLANG_WARN_SUSPICIOUS_MOVE = YES;
				CLANG_WARN_UNGUARDED_AVAILABILITY = YES_AGGRESSIVE;
				CLANG_WARN_UNREACHABLE_CODE = YES;
				CLANG_WARN__DUPLICATE_METHOD_MATCH = YES;
				COPY_PHASE_STRIP = NO;
				DEBUG_INFORMATION_FORMAT = dwarf;
				ENABLE_STRICT_OBJC_MSGSEND = YES;
				ENABLE_TESTABILITY = YES;
				GCC_C_LANGUAGE_STANDARD = gnu11;
				GCC_DYNAMIC_NO_PIC = NO;
				GCC_NO_COMMON_BLOCKS = YES;
				GCC_OPTIMIZATION_LEVEL = 0;
				GCC_PREPROCESSOR_DEFINITIONS = (
					"DEBUG=1",
					"$(inherited)",
				);
				GCC_WARN_64_TO_32_BIT_CONVERSION = YES;
				GCC_WARN_ABOUT_RETURN_TYPE = YES_ERROR;
				GCC_WARN_UNDECLARED_SELECTOR = YES;
				GCC_WARN_UNINITIALIZED_AUTOS = YES_AGGRESSIVE;
				GCC_WARN_UNUSED_FUNCTION = YES;
				GCC_WARN_UNUSED_VARIABLE = YES;
				IPHONEOS_DEPLOYMENT_TARGET = 14.1;
				MTL_ENABLE_DEBUG_INFO = INCLUDE_SOURCE;
				MTL_FAST_MATH = YES;
				ONLY_ACTIVE_ARCH = YES;
				SDKROOT = iphoneos;
			};
			name = Debug;
		};
		3C3FEE63255A715800ED4B85 /* Release */ = {
			isa = XCBuildConfiguration;
			buildSettings = {
				ALWAYS_SEARCH_USER_PATHS = NO;
				CLANG_ANALYZER_NONNULL = YES;
				CLANG_ANALYZER_NUMBER_OBJECT_CONVERSION = YES_AGGRESSIVE;
				CLANG_CXX_LANGUAGE_STANDARD = "gnu++14";
				CLANG_CXX_LIBRARY = "libc++";
				CLANG_ENABLE_MODULES = YES;
				CLANG_ENABLE_OBJC_ARC = YES;
				CLANG_ENABLE_OBJC_WEAK = YES;
				CLANG_WARN_BLOCK_CAPTURE_AUTORELEASING = YES;
				CLANG_WARN_BOOL_CONVERSION = YES;
				CLANG_WARN_COMMA = YES;
				CLANG_WARN_CONSTANT_CONVERSION = YES;
				CLANG_WARN_DEPRECATED_OBJC_IMPLEMENTATIONS = YES;
				CLANG_WARN_DIRECT_OBJC_ISA_USAGE = YES_ERROR;
				CLANG_WARN_DOCUMENTATION_COMMENTS = YES;
				CLANG_WARN_EMPTY_BODY = YES;
				CLANG_WARN_ENUM_CONVERSION = YES;
				CLANG_WARN_INFINITE_RECURSION = YES;
				CLANG_WARN_INT_CONVERSION = YES;
				CLANG_WARN_NON_LITERAL_NULL_CONVERSION = YES;
				CLANG_WARN_OBJC_IMPLICIT_RETAIN_SELF = YES;
				CLANG_WARN_OBJC_LITERAL_CONVERSION = YES;
				CLANG_WARN_OBJC_ROOT_CLASS = YES_ERROR;
				CLANG_WARN_QUOTED_INCLUDE_IN_FRAMEWORK_HEADER = YES;
				CLANG_WARN_RANGE_LOOP_ANALYSIS = YES;
				CLANG_WARN_STRICT_PROTOTYPES = YES;
				CLANG_WARN_SUSPICIOUS_MOVE = YES;
				CLANG_WARN_UNGUARDED_AVAILABILITY = YES_AGGRESSIVE;
				CLANG_WARN_UNREACHABLE_CODE = YES;
				CLANG_WARN__DUPLICATE_METHOD_MATCH = YES;
				COPY_PHASE_STRIP = NO;
				DEBUG_INFORMATION_FORMAT = "dwarf-with-dsym";
				ENABLE_NS_ASSERTIONS = NO;
				ENABLE_STRICT_OBJC_MSGSEND = YES;
				GCC_C_LANGUAGE_STANDARD = gnu11;
				GCC_NO_COMMON_BLOCKS = YES;
				GCC_WARN_64_TO_32_BIT_CONVERSION = YES;
				GCC_WARN_ABOUT_RETURN_TYPE = YES_ERROR;
				GCC_WARN_UNDECLARED_SELECTOR = YES;
				GCC_WARN_UNINITIALIZED_AUTOS = YES_AGGRESSIVE;
				GCC_WARN_UNUSED_FUNCTION = YES;
				GCC_WARN_UNUSED_VARIABLE = YES;
				IPHONEOS_DEPLOYMENT_TARGET = 14.1;
				MTL_ENABLE_DEBUG_INFO = NO;
				MTL_FAST_MATH = YES;
				SDKROOT = iphoneos;
				VALIDATE_PRODUCT = YES;
			};
			name = Release;
		};
		3C3FEE65255A715800ED4B85 /* Debug */ = {
			isa = XCBuildConfiguration;
			buildSettings = {
				ASSETCATALOG_COMPILER_APPICON_NAME = AppIcon;
				ASSETCATALOG_COMPILER_GLOBAL_ACCENT_COLOR_NAME = AccentColor;
				CODE_SIGN_STYLE = Automatic;
				DEVELOPMENT_TEAM = 79UKC7G34L;
				INFOPLIST_FILE = MChatCardEnc/Info.plist;
				IPHONEOS_DEPLOYMENT_TARGET = 10.0;
				LD_RUNPATH_SEARCH_PATHS = (
					"$(inherited)",
					"@executable_path/Frameworks",
				);
				PRODUCT_BUNDLE_IDENTIFIER = com.mongolchat.MChatCardEnc;
				PRODUCT_NAME = "$(TARGET_NAME)";
				TARGETED_DEVICE_FAMILY = "1,2";
			};
			name = Debug;
		};
		3C3FEE66255A715800ED4B85 /* Release */ = {
			isa = XCBuildConfiguration;
			buildSettings = {
				ASSETCATALOG_COMPILER_APPICON_NAME = AppIcon;
				ASSETCATALOG_COMPILER_GLOBAL_ACCENT_COLOR_NAME = AccentColor;
				CODE_SIGN_STYLE = Automatic;
				DEVELOPMENT_TEAM = 79UKC7G34L;
				INFOPLIST_FILE = MChatCardEnc/Info.plist;
				IPHONEOS_DEPLOYMENT_TARGET = 10.0;
				LD_RUNPATH_SEARCH_PATHS = (
					"$(inherited)",
					"@executable_path/Frameworks",
				);
				PRODUCT_BUNDLE_IDENTIFIER = com.mongolchat.MChatCardEnc;
				PRODUCT_NAME = "$(TARGET_NAME)";
				TARGETED_DEVICE_FAMILY = "1,2";
			};
			name = Release;
		};
		3C3FEE68255A715800ED4B85 /* Debug */ = {
			isa = XCBuildConfiguration;
			buildSettings = {
				BUNDLE_LOADER = "$(TEST_HOST)";
				CODE_SIGN_STYLE = Automatic;
				DEVELOPMENT_TEAM = 79UKC7G34L;
				INFOPLIST_FILE = MChatCardEncTests/Info.plist;
				IPHONEOS_DEPLOYMENT_TARGET = 14.1;
				LD_RUNPATH_SEARCH_PATHS = (
					"$(inherited)",
					"@executable_path/Frameworks",
					"@loader_path/Frameworks",
				);
				PRODUCT_BUNDLE_IDENTIFIER = com.mongolchat.MChatCardEncTests;
				PRODUCT_NAME = "$(TARGET_NAME)";
				TARGETED_DEVICE_FAMILY = "1,2";
				TEST_HOST = "$(BUILT_PRODUCTS_DIR)/MChatCardEnc.app/MChatCardEnc";
			};
			name = Debug;
		};
		3C3FEE69255A715800ED4B85 /* Release */ = {
			isa = XCBuildConfiguration;
			buildSettings = {
				BUNDLE_LOADER = "$(TEST_HOST)";
				CODE_SIGN_STYLE = Automatic;
				DEVELOPMENT_TEAM = 79UKC7G34L;
				INFOPLIST_FILE = MChatCardEncTests/Info.plist;
				IPHONEOS_DEPLOYMENT_TARGET = 14.1;
				LD_RUNPATH_SEARCH_PATHS = (
					"$(inherited)",
					"@executable_path/Frameworks",
					"@loader_path/Frameworks",
				);
				PRODUCT_BUNDLE_IDENTIFIER = com.mongolchat.MChatCardEncTests;
				PRODUCT_NAME = "$(TARGET_NAME)";
				TARGETED_DEVICE_FAMILY = "1,2";
				TEST_HOST = "$(BUILT_PRODUCTS_DIR)/MChatCardEnc.app/MChatCardEnc";
			};
			name = Release;
		};
		3C3FEE6B255A715800ED4B85 /* Debug */ = {
			isa = XCBuildConfiguration;
			buildSettings = {
				CODE_SIGN_STYLE = Automatic;
				DEVELOPMENT_TEAM = 79UKC7G34L;
				INFOPLIST_FILE = MChatCardEncUITests/Info.plist;
				LD_RUNPATH_SEARCH_PATHS = (
					"$(inherited)",
					"@executable_path/Frameworks",
					"@loader_path/Frameworks",
				);
				PRODUCT_BUNDLE_IDENTIFIER = com.mongolchat.MChatCardEncUITests;
				PRODUCT_NAME = "$(TARGET_NAME)";
				TARGETED_DEVICE_FAMILY = "1,2";
				TEST_TARGET_NAME = MChatCardEnc;
			};
			name = Debug;
		};
		3C3FEE6C255A715800ED4B85 /* Release */ = {
			isa = XCBuildConfiguration;
			buildSettings = {
				CODE_SIGN_STYLE = Automatic;
				DEVELOPMENT_TEAM = 79UKC7G34L;
				INFOPLIST_FILE = MChatCardEncUITests/Info.plist;
				LD_RUNPATH_SEARCH_PATHS = (
					"$(inherited)",
					"@executable_path/Frameworks",
					"@loader_path/Frameworks",
				);
				PRODUCT_BUNDLE_IDENTIFIER = com.mongolchat.MChatCardEncUITests;
				PRODUCT_NAME = "$(TARGET_NAME)";
				TARGETED_DEVICE_FAMILY = "1,2";
				TEST_TARGET_NAME = MChatCardEnc;
			};
			name = Release;
		};
/* End XCBuildConfiguration section */

/* Begin XCConfigurationList section */
		3C3FEE30255A715500ED4B85 /* Build configuration list for PBXProject "MChatCardEnc" */ = {
			isa = XCConfigurationList;
			buildConfigurations = (
				3C3FEE62255A715800ED4B85 /* Debug */,
				3C3FEE63255A715800ED4B85 /* Release */,
			);
			defaultConfigurationIsVisible = 0;
			defaultConfigurationName = Release;
		};
		3C3FEE64255A715800ED4B85 /* Build configuration list for PBXNativeTarget "MChatCardEnc" */ = {
			isa = XCConfigurationList;
			buildConfigurations = (
				3C3FEE65255A715800ED4B85 /* Debug */,
				3C3FEE66255A715800ED4B85 /* Release */,
			);
			defaultConfigurationIsVisible = 0;
			defaultConfigurationName = Release;
		};
		3C3FEE67255A715800ED4B85 /* Build configuration list for PBXNativeTarget "MChatCardEncTests" */ = {
			isa = XCConfigurationList;
			buildConfigurations = (
				3C3FEE68255A715800ED4B85 /* Debug */,
				3C3FEE69255A715800ED4B85 /* Release */,
			);
			defaultConfigurationIsVisible = 0;
			defaultConfigurationName = Release;
		};
		3C3FEE6A255A715800ED4B85 /* Build configuration list for PBXNativeTarget "MChatCardEncUITests" */ = {
			isa = XCConfigurationList;
			buildConfigurations = (
				3C3FEE6B255A715800ED4B85 /* Debug */,
				3C3FEE6C255A715800ED4B85 /* Release */,
			);
			defaultConfigurationIsVisible = 0;
			defaultConfigurationName = Release;
		};
/* End XCConfigurationList section */
	};
	rootObject = 3C3FEE2D255A715500ED4B85 /* Project object */;
}
